
Microsoft Visual Studio Solution File, Format Version 12.00
Project("{FAE04EC0-301F-11D3-BF4B-00C04F79EFBC}") = "Aoki.CodeAnalyzer", "src\Analyzers\Aoki.CodeAnalyzer\Aoki.CodeAnalyzer.csproj", "{B7E06666-EBF8-404C-8AF8-1C89A645C81A}"
EndProject
Project("{2150E333-8FDC-42A3-9474-1A3956D46DE8}") = "SolutionItems", "SolutionItems", "{7675420C-545B-4C32-9705-B5FD9CF7C8C8}"
	ProjectSection(SolutionItems) = preProject
		SolutionItems\publish-nuget.ps1 = SolutionItems\publish-nuget.ps1
		SolutionItems\publish-nuget-local.ps1 = SolutionItems\publish-nuget-local.ps1
	EndProjectSection
EndProject
Project("{FAE04EC0-301F-11D3-BF4B-00C04F79EFBC}") = "Aoki.CodeAnalyzer.Samples", "src\Tests\Aoki.CodeAnalyzer.Samples\Aoki.CodeAnalyzer.Samples.csproj", "{36B6FF5B-D64A-49DF-9969-268CBB6C6BCF}"
EndProject
Project("{FAE04EC0-301F-11D3-BF4B-00C04F79EFBC}") = "Aoki.CodeAnalyzer.Benchmarks", "src\Tests\Aoki.CodeAnalyzer.Benchmarks\Aoki.CodeAnalyzer.Benchmarks.csproj", "{60B5B761-9602-409F-A955-34A087E9CD78}"
EndProject
Project("{2150E333-8FDC-42A3-9474-1A3956D46DE8}") = "src", "src", "{FDE4316A-C191-4B09-8844-9EDE41020783}"
EndProject
Project("{2150E333-8FDC-42A3-9474-1A3956D46DE8}") = "Analyzers", "Analyzers", "{ACDC2CE3-A3EE-437A-8352-7FA6773AFF3A}"
EndProject
Project("{2150E333-8FDC-42A3-9474-1A3956D46DE8}") = "Tests", "Tests", "{BB52064A-D95F-441B-A0EF-3C1BF2D58EEC}"
EndProject
Global
	GlobalSection(SolutionConfigurationPlatforms) = preSolution
		Debug|Any CPU = Debug|Any CPU
		Release|Any CPU = Release|Any CPU
	EndGlobalSection
	GlobalSection(ProjectConfigurationPlatforms) = postSolution
		{B7E06666-EBF8-404C-8AF8-1C89A645C81A}.Debug|Any CPU.ActiveCfg = Debug|Any CPU
		{B7E06666-EBF8-404C-8AF8-1C89A645C81A}.Debug|Any CPU.Build.0 = Debug|Any CPU
		{B7E06666-EBF8-404C-8AF8-1C89A645C81A}.Release|Any CPU.ActiveCfg = Release|Any CPU
		{B7E06666-EBF8-404C-8AF8-1C89A645C81A}.Release|Any CPU.Build.0 = Release|Any CPU
		{36B6FF5B-D64A-49DF-9969-268CBB6C6BCF}.Debug|Any CPU.ActiveCfg = Debug|Any CPU
		{36B6FF5B-D64A-49DF-9969-268CBB6C6BCF}.Debug|Any CPU.Build.0 = Debug|Any CPU
		{36B6FF5B-D64A-49DF-9969-268CBB6C6BCF}.Release|Any CPU.ActiveCfg = Release|Any CPU
		{36B6FF5B-D64A-49DF-9969-268CBB6C6BCF}.Release|Any CPU.Build.0 = Release|Any CPU
		{60B5B761-9602-409F-A955-34A087E9CD78}.Debug|Any CPU.ActiveCfg = Debug|Any CPU
		{60B5B761-9602-409F-A955-34A087E9CD78}.Debug|Any CPU.Build.0 = Debug|Any CPU
		{60B5B761-9602-409F-A955-34A087E9CD78}.Release|Any CPU.ActiveCfg = Release|Any CPU
		{60B5B761-9602-409F-A955-34A087E9CD78}.Release|Any CPU.Build.0 = Release|Any CPU
	EndGlobalSection
	GlobalSection(NestedProjects) = preSolution
		{ACDC2CE3-A3EE-437A-8352-7FA6773AFF3A} = {FDE4316A-C191-4B09-8844-9EDE41020783}
		{BB52064A-D95F-441B-A0EF-3C1BF2D58EEC} = {FDE4316A-C191-4B09-8844-9EDE41020783}
		{B7E06666-EBF8-404C-8AF8-1C89A645C81A} = {ACDC2CE3-A3EE-437A-8352-7FA6773AFF3A}
		{60B5B761-9602-409F-A955-34A087E9CD78} = {BB52064A-D95F-441B-A0EF-3C1BF2D58EEC}
		{36B6FF5B-D64A-49DF-9969-268CBB6C6BCF} = {BB52064A-D95F-441B-A0EF-3C1BF2D58EEC}
	EndGlobalSection
EndGlobal
